
Microsoft Visual Studio Solution File, Format Version 12.00
# Visual Studio Version 16
VisualStudioVersion = 16.0.31702.278
MinimumVisualStudioVersion = 10.0.40219.1
Project("{FAE04EC0-301F-11D3-BF4B-00C04F79EFBC}") = "Benchmarks", "Benchmarks\Benchmarks.csproj", "{B12F4785-C786-4619-8105-600D8905174D}"
EndProject
Project("{FAE04EC0-301F-11D3-BF4B-00C04F79EFBC}") = "Tests", "Tests\Tests.csproj", "{34B8A708-3E3B-4EA8-8267-49B7FDD57F1D}"
EndProject
Project("{FAE04EC0-301F-11D3-BF4B-00C04F79EFBC}") = "ConsoleApp", "ConsoleApp\ConsoleApp.csproj", "{7809427E-A932-4165-A7D0-62F3E7BFA40F}"
EndProject
Project("{FAE04EC0-301F-11D3-BF4B-00C04F79EFBC}") = "Core", "Core\Core.csproj", "{6C6537A7-677D-4628-87D7-BF6BCD2D231C}"
EndProject
Global
	GlobalSection(SolutionConfigurationPlatforms) = preSolution
		Debug|Any CPU = Debug|Any CPU
		Release|Any CPU = Release|Any CPU
	EndGlobalSection
	GlobalSection(ProjectConfigurationPlatforms) = postSolution
		{B12F4785-C786-4619-8105-600D8905174D}.Debug|Any CPU.ActiveCfg = Debug|Any CPU
		{B12F4785-C786-4619-8105-600D8905174D}.Debug|Any CPU.Build.0 = Debug|Any CPU
		{B12F4785-C786-4619-8105-600D8905174D}.Release|Any CPU.ActiveCfg = Release|Any CPU
		{B12F4785-C786-4619-8105-600D8905174D}.Release|Any CPU.Build.0 = Release|Any CPU
		{34B8A708-3E3B-4EA8-8267-49B7FDD57F1D}.Debug|Any CPU.ActiveCfg = Debug|Any CPU
		{34B8A708-3E3B-4EA8-8267-49B7FDD57F1D}.Debug|Any CPU.Build.0 = Debug|Any CPU
		{34B8A708-3E3B-4EA8-8267-49B7FDD57F1D}.Release|Any CPU.ActiveCfg = Release|Any CPU
		{34B8A708-3E3B-4EA8-8267-49B7FDD57F1D}.Release|Any CPU.Build.0 = Release|Any CPU
		{7809427E-A932-4165-A7D0-62F3E7BFA40F}.Debug|Any CPU.ActiveCfg = Debug|Any CPU
		{7809427E-A932-4165-A7D0-62F3E7BFA40F}.Debug|Any CPU.Build.0 = Debug|Any CPU
		{7809427E-A932-4165-A7D0-62F3E7BFA40F}.Release|Any CPU.ActiveCfg = Release|Any CPU
		{7809427E-A932-4165-A7D0-62F3E7BFA40F}.Release|Any CPU.Build.0 = Release|Any CPU
		{6C6537A7-677D-4628-87D7-BF6BCD2D231C}.Debug|Any CPU.ActiveCfg = Debug|Any CPU
		{6C6537A7-677D-4628-87D7-BF6BCD2D231C}.Debug|Any CPU.Build.0 = Debug|Any CPU
		{6C6537A7-677D-4628-87D7-BF6BCD2D231C}.Release|Any CPU.ActiveCfg = Release|Any CPU
		{6C6537A7-677D-4628-87D7-BF6BCD2D231C}.Release|Any CPU.Build.0 = Release|Any CPU
	EndGlobalSection
	GlobalSection(SolutionProperties) = preSolution
		HideSolutionNode = FALSE
	EndGlobalSection
	GlobalSection(ExtensibilityGlobals) = postSolution
		SolutionGuid = {3886066B-6858-4A2C-99D6-A928FEFBE3F7}
	EndGlobalSection
EndGlobal
